// !$*UTF8*$!
{
	archiveVersion = 1;
	classes = {
	};
	objectVersion = 46;
	objects = {

/* Begin PBXBuildFile section */
		DA8294D71DA80BB1002E8327 /* AppDelegate.swift in Sources */ = {isa = PBXBuildFile; fileRef = DA8294D61DA80BB1002E8327 /* AppDelegate.swift */; };
		DA8294D91DA80BB1002E8327 /* ViewController.swift in Sources */ = {isa = PBXBuildFile; fileRef = DA8294D81DA80BB1002E8327 /* ViewController.swift */; };
		DA8294DC1DA80BB1002E8327 /* Main.storyboard in Resources */ = {isa = PBXBuildFile; fileRef = DA8294DA1DA80BB1002E8327 /* Main.storyboard */; };
		DA8294DE1DA80BB1002E8327 /* Assets.xcassets in Resources */ = {isa = PBXBuildFile; fileRef = DA8294DD1DA80BB1002E8327 /* Assets.xcassets */; };
		DA8294E11DA80BB1002E8327 /* LaunchScreen.storyboard in Resources */ = {isa = PBXBuildFile; fileRef = DA8294DF1DA80BB1002E8327 /* LaunchScreen.storyboard */; };
		DA8294EC1DA80BB1002E8327 /* MeMe_v1_0Tests.swift in Sources */ = {isa = PBXBuildFile; fileRef = DA8294EB1DA80BB1002E8327 /* MeMe_v1_0Tests.swift */; };
		DA8294F71DA80BB1002E8327 /* MeMe_v1_0UITests.swift in Sources */ = {isa = PBXBuildFile; fileRef = DA8294F61DA80BB1002E8327 /* MeMe_v1_0UITests.swift */; };
		DAA708B51DAAA36A00BE2754 /* textFieldDelegate.swift in Sources */ = {isa = PBXBuildFile; fileRef = DAA708B41DAAA36A00BE2754 /* textFieldDelegate.swift */; };
/* End PBXBuildFile section */

/* Begin PBXContainerItemProxy section */
		DA8294E81DA80BB1002E8327 /* PBXContainerItemProxy */ = {
			isa = PBXContainerItemProxy;
			containerPortal = DA8294CB1DA80BB1002E8327 /* Project object */;
			proxyType = 1;
			remoteGlobalIDString = DA8294D21DA80BB1002E8327;
			remoteInfo = "MeMe-v1.0";
		};
		DA8294F31DA80BB1002E8327 /* PBXContainerItemProxy */ = {
			isa = PBXContainerItemProxy;
			containerPortal = DA8294CB1DA80BB1002E8327 /* Project object */;
			proxyType = 1;
			remoteGlobalIDString = DA8294D21DA80BB1002E8327;
			remoteInfo = "MeMe-v1.0";
		};
/* End PBXContainerItemProxy section */

/* Begin PBXFileReference section */
		DA8294D31DA80BB1002E8327 /* MeMe-v1.0.app */ = {isa = PBXFileReference; explicitFileType = wrapper.application; includeInIndex = 0; path = "MeMe-v1.0.app"; sourceTree = BUILT_PRODUCTS_DIR; };
		DA8294D61DA80BB1002E8327 /* AppDelegate.swift */ = {isa = PBXFileReference; lastKnownFileType = sourcecode.swift; path = AppDelegate.swift; sourceTree = "<group>"; };
		DA8294D81DA80BB1002E8327 /* ViewController.swift */ = {isa = PBXFileReference; lastKnownFileType = sourcecode.swift; path = ViewController.swift; sourceTree = "<group>"; };
		DA8294DB1DA80BB1002E8327 /* Base */ = {isa = PBXFileReference; lastKnownFileType = file.storyboard; name = Base; path = Base.lproj/Main.storyboard; sourceTree = "<group>"; };
		DA8294DD1DA80BB1002E8327 /* Assets.xcassets */ = {isa = PBXFileReference; lastKnownFileType = folder.assetcatalog; path = Assets.xcassets; sourceTree = "<group>"; };
		DA8294E01DA80BB1002E8327 /* Base */ = {isa = PBXFileReference; lastKnownFileType = file.storyboard; name = Base; path = Base.lproj/LaunchScreen.storyboard; sourceTree = "<group>"; };
		DA8294E21DA80BB1002E8327 /* Info.plist */ = {isa = PBXFileReference; lastKnownFileType = text.plist.xml; path = Info.plist; sourceTree = "<group>"; };
		DA8294E71DA80BB1002E8327 /* MeMe-v1.0Tests.xctest */ = {isa = PBXFileReference; explicitFileType = wrapper.cfbundle; includeInIndex = 0; path = "MeMe-v1.0Tests.xctest"; sourceTree = BUILT_PRODUCTS_DIR; };
		DA8294EB1DA80BB1002E8327 /* MeMe_v1_0Tests.swift */ = {isa = PBXFileReference; lastKnownFileType = sourcecode.swift; path = MeMe_v1_0Tests.swift; sourceTree = "<group>"; };
		DA8294ED1DA80BB1002E8327 /* Info.plist */ = {isa = PBXFileReference; lastKnownFileType = text.plist.xml; path = Info.plist; sourceTree = "<group>"; };
		DA8294F21DA80BB1002E8327 /* MeMe-v1.0UITests.xctest */ = {isa = PBXFileReference; explicitFileType = wrapper.cfbundle; includeInIndex = 0; path = "MeMe-v1.0UITests.xctest"; sourceTree = BUILT_PRODUCTS_DIR; };
		DA8294F61DA80BB1002E8327 /* MeMe_v1_0UITests.swift */ = {isa = PBXFileReference; lastKnownFileType = sourcecode.swift; path = MeMe_v1_0UITests.swift; sourceTree = "<group>"; };
		DA8294F81DA80BB1002E8327 /* Info.plist */ = {isa = PBXFileReference; lastKnownFileType = text.plist.xml; path = Info.plist; sourceTree = "<group>"; };
		DAA708B41DAAA36A00BE2754 /* textFieldDelegate.swift */ = {isa = PBXFileReference; fileEncoding = 4; lastKnownFileType = sourcecode.swift; path = textFieldDelegate.swift; sourceTree = "<group>"; };
/* End PBXFileReference section */

/* Begin PBXFrameworksBuildPhase section */
		DA8294D01DA80BB1002E8327 /* Frameworks */ = {
			isa = PBXFrameworksBuildPhase;
			buildActionMask = 2147483647;
			files = (
			);
			runOnlyForDeploymentPostprocessing = 0;
		};
		DA8294E41DA80BB1002E8327 /* Frameworks */ = {
			isa = PBXFrameworksBuildPhase;
			buildActionMask = 2147483647;
			files = (
			);
			runOnlyForDeploymentPostprocessing = 0;
		};
		DA8294EF1DA80BB1002E8327 /* Frameworks */ = {
			isa = PBXFrameworksBuildPhase;
			buildActionMask = 2147483647;
			files = (
			);
			runOnlyForDeploymentPostprocessing = 0;
		};
/* End PBXFrameworksBuildPhase section */

/* Begin PBXGroup section */
		DA8294CA1DA80BB1002E8327 = {
			isa = PBXGroup;
			children = (
				DA8294D51DA80BB1002E8327 /* MeMe-v1.0 */,
				DA8294EA1DA80BB1002E8327 /* MeMe-v1.0Tests */,
				DA8294F51DA80BB1002E8327 /* MeMe-v1.0UITests */,
				DA8294D41DA80BB1002E8327 /* Products */,
			);
			sourceTree = "<group>";
		};
		DA8294D41DA80BB1002E8327 /* Products */ = {
			isa = PBXGroup;
			children = (
				DA8294D31DA80BB1002E8327 /* MeMe-v1.0.app */,
				DA8294E71DA80BB1002E8327 /* MeMe-v1.0Tests.xctest */,
				DA8294F21DA80BB1002E8327 /* MeMe-v1.0UITests.xctest */,
			);
			name = Products;
			sourceTree = "<group>";
		};
		DA8294D51DA80BB1002E8327 /* MeMe-v1.0 */ = {
			isa = PBXGroup;
			children = (
				DA8294D61DA80BB1002E8327 /* AppDelegate.swift */,
				DA8294D81DA80BB1002E8327 /* ViewController.swift */,
				DAA708B41DAAA36A00BE2754 /* textFieldDelegate.swift */,
				DA8294DA1DA80BB1002E8327 /* Main.storyboard */,
				DA8294DD1DA80BB1002E8327 /* Assets.xcassets */,
				DA8294DF1DA80BB1002E8327 /* LaunchScreen.storyboard */,
				DA8294E21DA80BB1002E8327 /* Info.plist */,
			);
			path = "MeMe-v1.0";
			sourceTree = "<group>";
		};
		DA8294EA1DA80BB1002E8327 /* MeMe-v1.0Tests */ = {
			isa = PBXGroup;
			children = (
				DA8294EB1DA80BB1002E8327 /* MeMe_v1_0Tests.swift */,
				DA8294ED1DA80BB1002E8327 /* Info.plist */,
			);
			path = "MeMe-v1.0Tests";
			sourceTree = "<group>";
		};
		DA8294F51DA80BB1002E8327 /* MeMe-v1.0UITests */ = {
			isa = PBXGroup;
			children = (
				DA8294F61DA80BB1002E8327 /* MeMe_v1_0UITests.swift */,
				DA8294F81DA80BB1002E8327 /* Info.plist */,
			);
			path = "MeMe-v1.0UITests";
			sourceTree = "<group>";
		};
/* End PBXGroup section */

/* Begin PBXNativeTarget section */
		DA8294D21DA80BB1002E8327 /* MeMe-v1.0 */ = {
			isa = PBXNativeTarget;
			buildConfigurationList = DA8294FB1DA80BB1002E8327 /* Build configuration list for PBXNativeTarget "MeMe-v1.0" */;
			buildPhases = (
				DA8294CF1DA80BB1002E8327 /* Sources */,
				DA8294D01DA80BB1002E8327 /* Frameworks */,
				DA8294D11DA80BB1002E8327 /* Resources */,
			);
			buildRules = (
			);
			dependencies = (
			);
			name = "MeMe-v1.0";
			productName = "MeMe-v1.0";
			productReference = DA8294D31DA80BB1002E8327 /* MeMe-v1.0.app */;
			productType = "com.apple.product-type.application";
		};
		DA8294E61DA80BB1002E8327 /* MeMe-v1.0Tests */ = {
			isa = PBXNativeTarget;
			buildConfigurationList = DA8294FE1DA80BB1002E8327 /* Build configuration list for PBXNativeTarget "MeMe-v1.0Tests" */;
			buildPhases = (
				DA8294E31DA80BB1002E8327 /* Sources */,
				DA8294E41DA80BB1002E8327 /* Frameworks */,
				DA8294E51DA80BB1002E8327 /* Resources */,
			);
			buildRules = (
			);
			dependencies = (
				DA8294E91DA80BB1002E8327 /* PBXTargetDependency */,
			);
			name = "MeMe-v1.0Tests";
			productName = "MeMe-v1.0Tests";
			productReference = DA8294E71DA80BB1002E8327 /* MeMe-v1.0Tests.xctest */;
			productType = "com.apple.product-type.bundle.unit-test";
		};
		DA8294F11DA80BB1002E8327 /* MeMe-v1.0UITests */ = {
			isa = PBXNativeTarget;
			buildConfigurationList = DA8295011DA80BB1002E8327 /* Build configuration list for PBXNativeTarget "MeMe-v1.0UITests" */;
			buildPhases = (
				DA8294EE1DA80BB1002E8327 /* Sources */,
				DA8294EF1DA80BB1002E8327 /* Frameworks */,
				DA8294F01DA80BB1002E8327 /* Resources */,
			);
			buildRules = (
			);
			dependencies = (
				DA8294F41DA80BB1002E8327 /* PBXTargetDependency */,
			);
			name = "MeMe-v1.0UITests";
			productName = "MeMe-v1.0UITests";
			productReference = DA8294F21DA80BB1002E8327 /* MeMe-v1.0UITests.xctest */;
			productType = "com.apple.product-type.bundle.ui-testing";
		};
/* End PBXNativeTarget section */

/* Begin PBXProject section */
		DA8294CB1DA80BB1002E8327 /* Project object */ = {
			isa = PBXProject;
			attributes = {
				LastSwiftUpdateCheck = 0800;
				LastUpgradeCheck = 0800;
				ORGANIZATIONNAME = LIJORAJU;
				TargetAttributes = {
					DA8294D21DA80BB1002E8327 = {
						CreatedOnToolsVersion = 8.0;
						ProvisioningStyle = Automatic;
					};
					DA8294E61DA80BB1002E8327 = {
						CreatedOnToolsVersion = 8.0;
						ProvisioningStyle = Automatic;
						TestTargetID = DA8294D21DA80BB1002E8327;
					};
					DA8294F11DA80BB1002E8327 = {
						CreatedOnToolsVersion = 8.0;
						ProvisioningStyle = Automatic;
						TestTargetID = DA8294D21DA80BB1002E8327;
					};
				};
			};
			buildConfigurationList = DA8294CE1DA80BB1002E8327 /* Build configuration list for PBXProject "MeMe-v1.0" */;
			compatibilityVersion = "Xcode 3.2";
			developmentRegion = English;
			hasScannedForEncodings = 0;
			knownRegions = (
				en,
				Base,
			);
			mainGroup = DA8294CA1DA80BB1002E8327;
			productRefGroup = DA8294D41DA80BB1002E8327 /* Products */;
			projectDirPath = "";
			projectRoot = "";
			targets = (
				DA8294D21DA80BB1002E8327 /* MeMe-v1.0 */,
				DA8294E61DA80BB1002E8327 /* MeMe-v1.0Tests */,
				DA8294F11DA80BB1002E8327 /* MeMe-v1.0UITests */,
			);
		};
/* End PBXProject section */

/* Begin PBXResourcesBuildPhase section */
		DA8294D11DA80BB1002E8327 /* Resources */ = {
			isa = PBXResourcesBuildPhase;
			buildActionMask = 2147483647;
			files = (
				DA8294E11DA80BB1002E8327 /* LaunchScreen.storyboard in Resources */,
				DA8294DE1DA80BB1002E8327 /* Assets.xcassets in Resources */,
				DA8294DC1DA80BB1002E8327 /* Main.storyboard in Resources */,
			);
			runOnlyForDeploymentPostprocessing = 0;
		};
		DA8294E51DA80BB1002E8327 /* Resources */ = {
			isa = PBXResourcesBuildPhase;
			buildActionMask = 2147483647;
			files = (
			);
			runOnlyForDeploymentPostprocessing = 0;
		};
		DA8294F01DA80BB1002E8327 /* Resources */ = {
			isa = PBXResourcesBuildPhase;
			buildActionMask = 2147483647;
			files = (
			);
			runOnlyForDeploymentPostprocessing = 0;
		};
/* End PBXResourcesBuildPhase section */

/* Begin PBXSourcesBuildPhase section */
		DA8294CF1DA80BB1002E8327 /* Sources */ = {
			isa = PBXSourcesBuildPhase;
			buildActionMask = 2147483647;
			files = (
				DA8294D91DA80BB1002E8327 /* ViewController.swift in Sources */,
				DAA708B51DAAA36A00BE2754 /* textFieldDelegate.swift in Sources */,
				DA8294D71DA80BB1002E8327 /* AppDelegate.swift in Sources */,
			);
			runOnlyForDeploymentPostprocessing = 0;
		};
		DA8294E31DA80BB1002E8327 /* Sources */ = {
			isa = PBXSourcesBuildPhase;
			buildActionMask = 2147483647;
			files = (
				DA8294EC1DA80BB1002E8327 /* MeMe_v1_0Tests.swift in Sources */,
			);
			runOnlyForDeploymentPostprocessing = 0;
		};
		DA8294EE1DA80BB1002E8327 /* Sources */ = {
			isa = PBXSourcesBuildPhase;
			buildActionMask = 2147483647;
			files = (
				DA8294F71DA80BB1002E8327 /* MeMe_v1_0UITests.swift in Sources */,
			);
			runOnlyForDeploymentPostprocessing = 0;
		};
/* End PBXSourcesBuildPhase section */

/* Begin PBXTargetDependency section */
		DA8294E91DA80BB1002E8327 /* PBXTargetDependency */ = {
			isa = PBXTargetDependency;
			target = DA8294D21DA80BB1002E8327 /* MeMe-v1.0 */;
			targetProxy = DA8294E81DA80BB1002E8327 /* PBXContainerItemProxy */;
		};
		DA8294F41DA80BB1002E8327 /* PBXTargetDependency */ = {
			isa = PBXTargetDependency;
			target = DA8294D21DA80BB1002E8327 /* MeMe-v1.0 */;
			targetProxy = DA8294F31DA80BB1002E8327 /* PBXContainerItemProxy */;
		};
/* End PBXTargetDependency section */

/* Begin PBXVariantGroup section */
		DA8294DA1DA80BB1002E8327 /* Main.storyboard */ = {
			isa = PBXVariantGroup;
			children = (
				DA8294DB1DA80BB1002E8327 /* Base */,
			);
			name = Main.storyboard;
			sourceTree = "<group>";
		};
		DA8294DF1DA80BB1002E8327 /* LaunchScreen.storyboard */ = {
			isa = PBXVariantGroup;
			children = (
				DA8294E01DA80BB1002E8327 /* Base */,
			);
			name = LaunchScreen.storyboard;
			sourceTree = "<group>";
		};
/* End PBXVariantGroup section */

/* Begin XCBuildConfiguration section */
		DA8294F91DA80BB1002E8327 /* Debug */ = {
			isa = XCBuildConfiguration;
			buildSettings = {
				ALWAYS_SEARCH_USER_PATHS = NO;
				CLANG_ANALYZER_NONNULL = YES;
				CLANG_CXX_LANGUAGE_STANDARD = "gnu++0x";
				CLANG_CXX_LIBRARY = "libc++";
				CLANG_ENABLE_MODULES = YES;
				CLANG_ENABLE_OBJC_ARC = YES;
				CLANG_WARN_BOOL_CONVERSION = YES;
				CLANG_WARN_CONSTANT_CONVERSION = YES;
				CLANG_WARN_DIRECT_OBJC_ISA_USAGE = YES_ERROR;
				CLANG_WARN_DOCUMENTATION_COMMENTS = YES;
				CLANG_WARN_EMPTY_BODY = YES;
				CLANG_WARN_ENUM_CONVERSION = YES;
				CLANG_WARN_INFINITE_RECURSION = YES;
				CLANG_WARN_INT_CONVERSION = YES;
				CLANG_WARN_OBJC_ROOT_CLASS = YES_ERROR;
				CLANG_WARN_SUSPICIOUS_MOVES = YES;
				CLANG_WARN_UNREACHABLE_CODE = YES;
				CLANG_WARN__DUPLICATE_METHOD_MATCH = YES;
				"CODE_SIGN_IDENTITY[sdk=iphoneos*]" = "iPhone Developer";
				COPY_PHASE_STRIP = NO;
				DEBUG_INFORMATION_FORMAT = dwarf;
				ENABLE_STRICT_OBJC_MSGSEND = YES;
				ENABLE_TESTABILITY = YES;
				GCC_C_LANGUAGE_STANDARD = gnu99;
				GCC_DYNAMIC_NO_PIC = NO;
				GCC_NO_COMMON_BLOCKS = YES;
				GCC_OPTIMIZATION_LEVEL = 0;
				GCC_PREPROCESSOR_DEFINITIONS = (
					"DEBUG=1",
					"$(inherited)",
				);
				GCC_WARN_64_TO_32_BIT_CONVERSION = YES;
				GCC_WARN_ABOUT_RETURN_TYPE = YES_ERROR;
				GCC_WARN_UNDECLARED_SELECTOR = YES;
				GCC_WARN_UNINITIALIZED_AUTOS = YES_AGGRESSIVE;
				GCC_WARN_UNUSED_FUNCTION = YES;
				GCC_WARN_UNUSED_VARIABLE = YES;
				IPHONEOS_DEPLOYMENT_TARGET = 10.0;
				MTL_ENABLE_DEBUG_INFO = YES;
				ONLY_ACTIVE_ARCH = YES;
				SDKROOT = iphoneos;
				SWIFT_ACTIVE_COMPILATION_CONDITIONS = DEBUG;
				SWIFT_OPTIMIZATION_LEVEL = "-Onone";
				TARGETED_DEVICE_FAMILY = "1,2";
			};
			name = Debug;
		};
		DA8294FA1DA80BB1002E8327 /* Release */ = {
			isa = XCBuildConfiguration;
			buildSettings = {
				ALWAYS_SEARCH_USER_PATHS = NO;
				CLANG_ANALYZER_NONNULL = YES;
				CLANG_CXX_LANGUAGE_STANDARD = "gnu++0x";
				CLANG_CXX_LIBRARY = "libc++";
				CLANG_ENABLE_MODULES = YES;
				CLANG_ENABLE_OBJC_ARC = YES;
				CLANG_WARN_BOOL_CONVERSION = YES;
				CLANG_WARN_CONSTANT_CONVERSION = YES;
				CLANG_WARN_DIRECT_OBJC_ISA_USAGE = YES_ERROR;
				CLANG_WARN_DOCUMENTATION_COMMENTS = YES;
				CLANG_WARN_EMPTY_BODY = YES;
				CLANG_WARN_ENUM_CONVERSION = YES;
				CLANG_WARN_INFINITE_RECURSION = YES;
				CLANG_WARN_INT_CONVERSION = YES;
				CLANG_WARN_OBJC_ROOT_CLASS = YES_ERROR;
				CLANG_WARN_SUSPICIOUS_MOVES = YES;
				CLANG_WARN_UNREACHABLE_CODE = YES;
				CLANG_WARN__DUPLICATE_METHOD_MATCH = YES;
				"CODE_SIGN_IDENTITY[sdk=iphoneos*]" = "iPhone Developer";
				COPY_PHASE_STRIP = NO;
				DEBUG_INFORMATION_FORMAT = "dwarf-with-dsym";
				ENABLE_NS_ASSERTIONS = NO;
				ENABLE_STRICT_OBJC_MSGSEND = YES;
				GCC_C_LANGUAGE_STANDARD = gnu99;
				GCC_NO_COMMON_BLOCKS = YES;
				GCC_WARN_64_TO_32_BIT_CONVERSION = YES;
				GCC_WARN_ABOUT_RETURN_TYPE = YES_ERROR;
				GCC_WARN_UNDECLARED_SELECTOR = YES;
				GCC_WARN_UNINITIALIZED_AUTOS = YES_AGGRESSIVE;
				GCC_WARN_UNUSED_FUNCTION = YES;
				GCC_WARN_UNUSED_VARIABLE = YES;
				IPHONEOS_DEPLOYMENT_TARGET = 10.0;
				MTL_ENABLE_DEBUG_INFO = NO;
				SDKROOT = iphoneos;
				SWIFT_OPTIMIZATION_LEVEL = "-Owholemodule";
				TARGETED_DEVICE_FAMILY = "1,2";
				VALIDATE_PRODUCT = YES;
			};
			name = Release;
		};
		DA8294FC1DA80BB1002E8327 /* Debug */ = {
			isa = XCBuildConfiguration;
			buildSettings = {
				ASSETCATALOG_COMPILER_APPICON_NAME = AppIcon;
				INFOPLIST_FILE = "MeMe-v1.0/Info.plist";
				LD_RUNPATH_SEARCH_PATHS = "$(inherited) @executable_path/Frameworks";
				PRODUCT_BUNDLE_IDENTIFIER = "lijo.raju.MeMe-v1-0";
				PRODUCT_NAME = "$(TARGET_NAME)";
				SWIFT_VERSION = 3.0;
			};
			name = Debug;
		};
		DA8294FD1DA80BB1002E8327 /* Release */ = {
			isa = XCBuildConfiguration;
			buildSettings = {
				ASSETCATALOG_COMPILER_APPICON_NAME = AppIcon;
				INFOPLIST_FILE = "MeMe-v1.0/Info.plist";
				LD_RUNPATH_SEARCH_PATHS = "$(inherited) @executable_path/Frameworks";
				PRODUCT_BUNDLE_IDENTIFIER = "lijo.raju.MeMe-v1-0";
				PRODUCT_NAME = "$(TARGET_NAME)";
				SWIFT_VERSION = 3.0;
			};
			name = Release;
		};
		DA8294FF1DA80BB1002E8327 /* Debug */ = {
			isa = XCBuildConfiguration;
			buildSettings = {
				ALWAYS_EMBED_SWIFT_STANDARD_LIBRARIES = YES;
				BUNDLE_LOADER = "$(TEST_HOST)";
				INFOPLIST_FILE = "MeMe-v1.0Tests/Info.plist";
				LD_RUNPATH_SEARCH_PATHS = "$(inherited) @executable_path/Frameworks @loader_path/Frameworks";
				PRODUCT_BUNDLE_IDENTIFIER = "lijo.raju.MeMe-v1-0Tests";
				PRODUCT_NAME = "$(TARGET_NAME)";
				SWIFT_VERSION = 3.0;
				TEST_HOST = "$(BUILT_PRODUCTS_DIR)/MeMe-v1.0.app/MeMe-v1.0";
			};
			name = Debug;
		};
		DA8295001DA80BB1002E8327 /* Release */ = {
			isa = XCBuildConfiguration;
			buildSettings = {
				ALWAYS_EMBED_SWIFT_STANDARD_LIBRARIES = YES;
				BUNDLE_LOADER = "$(TEST_HOST)";
				INFOPLIST_FILE = "MeMe-v1.0Tests/Info.plist";
				LD_RUNPATH_SEARCH_PATHS = "$(inherited) @executable_path/Frameworks @loader_path/Frameworks";
				PRODUCT_BUNDLE_IDENTIFIER = "lijo.raju.MeMe-v1-0Tests";
				PRODUCT_NAME = "$(TARGET_NAME)";
				SWIFT_VERSION = 3.0;
				TEST_HOST = "$(BUILT_PRODUCTS_DIR)/MeMe-v1.0.app/MeMe-v1.0";
			};
			name = Release;
		};
		DA8295021DA80BB1002E8327 /* Debug */ = {
			isa = XCBuildConfiguration;
			buildSettings = {
				ALWAYS_EMBED_SWIFT_STANDARD_LIBRARIES = YES;
				INFOPLIST_FILE = "MeMe-v1.0UITests/Info.plist";
				LD_RUNPATH_SEARCH_PATHS = "$(inherited) @executable_path/Frameworks @loader_path/Frameworks";
				PRODUCT_BUNDLE_IDENTIFIER = "lijo.raju.MeMe-v1-0UITests";
				PRODUCT_NAME = "$(TARGET_NAME)";
				SWIFT_VERSION = 3.0;
				TEST_TARGET_NAME = "MeMe-v1.0";
			};
			name = Debug;
		};
		DA8295031DA80BB1002E8327 /* Release */ = {
			isa = XCBuildConfiguration;
			buildSettings = {
				ALWAYS_EMBED_SWIFT_STANDARD_LIBRARIES = YES;
				INFOPLIST_FILE = "MeMe-v1.0UITests/Info.plist";
				LD_RUNPATH_SEARCH_PATHS = "$(inherited) @executable_path/Frameworks @loader_path/Frameworks";
				PRODUCT_BUNDLE_IDENTIFIER = "lijo.raju.MeMe-v1-0UITests";
				PRODUCT_NAME = "$(TARGET_NAME)";
				SWIFT_VERSION = 3.0;
				TEST_TARGET_NAME = "MeMe-v1.0";
			};
			name = Release;
		};
/* End XCBuildConfiguration section */

/* Begin XCConfigurationList section */
		DA8294CE1DA80BB1002E8327 /* Build configuration list for PBXProject "MeMe-v1.0" */ = {
			isa = XCConfigurationList;
			buildConfigurations = (
				DA8294F91DA80BB1002E8327 /* Debug */,
				DA8294FA1DA80BB1002E8327 /* Release */,
			);
			defaultConfigurationIsVisible = 0;
			defaultConfigurationName = Release;
		};
		DA8294FB1DA80BB1002E8327 /* Build configuration list for PBXNativeTarget "MeMe-v1.0" */ = {
			isa = XCConfigurationList;
			buildConfigurations = (
				DA8294FC1DA80BB1002E8327 /* Debug */,
				DA8294FD1DA80BB1002E8327 /* Release */,
			);
			defaultConfigurationIsVisible = 0;
			defaultConfigurationName = Release;
		};
		DA8294FE1DA80BB1002E8327 /* Build configuration list for PBXNativeTarget "MeMe-v1.0Tests" */ = {
			isa = XCConfigurationList;
			buildConfigurations = (
				DA8294FF1DA80BB1002E8327 /* Debug */,
				DA8295001DA80BB1002E8327 /* Release */,
			);
			defaultConfigurationIsVisible = 0;
			defaultConfigurationName = Release;
		};
		DA8295011DA80BB1002E8327 /* Build configuration list for PBXNativeTarget "MeMe-v1.0UITests" */ = {
			isa = XCConfigurationList;
			buildConfigurations = (
				DA8295021DA80BB1002E8327 /* Debug */,
				DA8295031DA80BB1002E8327 /* Release */,
			);
			defaultConfigurationIsVisible = 0;
			defaultConfigurationName = Release;
		};
/* End XCConfigurationList section */
	};
	rootObject = DA8294CB1DA80BB1002E8327 /* Project object */;
}
